dependencies:
- name: memcached
  repository: https://charts.bitnami.com/bitnami
  version: 6.0.3
- name: redis
  repository: https://charts.bitnami.com/bitnami
  version: 16.6.0
digest: sha256:a1a20d3f9cec89d78dcff64683b03a8be69a8a57420403ae28e8bd39eeab65d6
generated: "2022-03-23T17:02:52.234782478Z"
