dependencies:
- name: memcached
  repository: https://charts.bitnami.com/bitnami
  version: 6.0.7
- name: redis
  repository: https://charts.bitnami.com/bitnami
  version: 16.4.0
digest: sha256:e2abc0d37f7d7b00d0d0ff0046945e5218f7c72b7a79411f76006928750d1485
generated: "2022-03-17T11:01:05.741527905Z"
